
Microsoft Visual Studio Solution File, Format Version 12.00
# Visual Studio Version 17
VisualStudioVersion = 17.4.33205.214
MinimumVisualStudioVersion = 10.0.40219.1
Project("{FAE04EC0-301F-11D3-BF4B-00C04F79EFBC}") = "Practice-AggegationAndContainment", "Practice-AggegationAndContainment.csproj", "{BFAA69BB-78E0-42C2-8B14-8A43365CB8C9}"
EndProject
Global
	GlobalSection(SolutionConfigurationPlatforms) = preSolution
		Debug|Any CPU = Debug|Any CPU
		Release|Any CPU = Release|Any CPU
	EndGlobalSection
	GlobalSection(ProjectConfigurationPlatforms) = postSolution
		{BFAA69BB-78E0-42C2-8B14-8A43365CB8C9}.Debug|Any CPU.ActiveCfg = Debug|Any CPU
		{BFAA69BB-78E0-42C2-8B14-8A43365CB8C9}.Debug|Any CPU.Build.0 = Debug|Any CPU
		{BFAA69BB-78E0-42C2-8B14-8A43365CB8C9}.Release|Any CPU.ActiveCfg = Release|Any CPU
		{BFAA69BB-78E0-42C2-8B14-8A43365CB8C9}.Release|Any CPU.Build.0 = Release|Any CPU
	EndGlobalSection
	GlobalSection(SolutionProperties) = preSolution
		HideSolutionNode = FALSE
	EndGlobalSection
	GlobalSection(ExtensibilityGlobals) = postSolution
		SolutionGuid = {384F9E6A-6912-4E33-9138-2567BA20E7C9}
	EndGlobalSection
EndGlobal
